// !$*UTF8*$!
{
	archiveVersion = 1;
	classes = {
	};
	objectVersion = 48;
	objects = {

/* Begin PBXBuildFile section */
		180D239B1FADC9F9005E991F /* AppDelegate.m in Sources */ = {isa = PBXBuildFile; fileRef = 180D239A1FADC9F9005E991F /* AppDelegate.m */; };
		180D239E1FADC9F9005E991F /* ViewController.m in Sources */ = {isa = PBXBuildFile; fileRef = 180D239D1FADC9F9005E991F /* ViewController.m */; };
		180D23A11FADC9F9005E991F /* Main.storyboard in Resources */ = {isa = PBXBuildFile; fileRef = 180D239F1FADC9F9005E991F /* Main.storyboard */; };
		180D23A31FADC9F9005E991F /* Assets.xcassets in Resources */ = {isa = PBXBuildFile; fileRef = 180D23A21FADC9F9005E991F /* Assets.xcassets */; };
		180D23A61FADC9F9005E991F /* LaunchScreen.storyboard in Resources */ = {isa = PBXBuildFile; fileRef = 180D23A41FADC9F9005E991F /* LaunchScreen.storyboard */; };
		180D23A91FADC9F9005E991F /* main.m in Sources */ = {isa = PBXBuildFile; fileRef = 180D23A81FADC9F9005E991F /* main.m */; };
		180D23B31FADC9F9005E991F /* YHProxyRouterDemoTests.m in Sources */ = {isa = PBXBuildFile; fileRef = 180D23B21FADC9F9005E991F /* YHProxyRouterDemoTests.m */; };
		180D23BE1FADC9F9005E991F /* YHProxyRouterDemoUITests.m in Sources */ = {isa = PBXBuildFile; fileRef = 180D23BD1FADC9F9005E991F /* YHProxyRouterDemoUITests.m */; };
		180D23D11FADCAB5005E991F /* NSObject+Router.m in Sources */ = {isa = PBXBuildFile; fileRef = 180D23CD1FADCAB5005E991F /* NSObject+Router.m */; };
		180D23D21FADCAB5005E991F /* YHProxyRouter.m in Sources */ = {isa = PBXBuildFile; fileRef = 180D23D01FADCAB5005E991F /* YHProxyRouter.m */; };
		180D23D81FADCAF2005E991F /* YHModelOne.m in Sources */ = {isa = PBXBuildFile; fileRef = 180D23D51FADCAF2005E991F /* YHModelOne.m */; };
		180D23D91FADCAF2005E991F /* YHModelTwo.m in Sources */ = {isa = PBXBuildFile; fileRef = 180D23D71FADCAF2005E991F /* YHModelTwo.m */; };
		18A0F46C1FB13FBB0009C844 /* YHButton.m in Sources */ = {isa = PBXBuildFile; fileRef = 18A0F46B1FB13FBB0009C844 /* YHButton.m */; };
		18A0F46F1FB140FE0009C844 /* YHBaseViewController.m in Sources */ = {isa = PBXBuildFile; fileRef = 18A0F46E1FB140FE0009C844 /* YHBaseViewController.m */; };
		18CF5B911FBC481800A41750 /* main_proxy.bundle in Resources */ = {isa = PBXBuildFile; fileRef = 18CF5B901FBC481800A41750 /* main_proxy.bundle */; };
		18CF5B941FBD7FDD00A41750 /* YHTools.m in Sources */ = {isa = PBXBuildFile; fileRef = 18CF5B931FBD7FDD00A41750 /* YHTools.m */; };
/* End PBXBuildFile section */

/* Begin PBXContainerItemProxy section */
		180D23AF1FADC9F9005E991F /* PBXContainerItemProxy */ = {
			isa = PBXContainerItemProxy;
			containerPortal = 180D238E1FADC9F9005E991F /* Project object */;
			proxyType = 1;
			remoteGlobalIDString = 180D23951FADC9F9005E991F;
			remoteInfo = YHProxyRouterDemo;
		};
		180D23BA1FADC9F9005E991F /* PBXContainerItemProxy */ = {
			isa = PBXContainerItemProxy;
			containerPortal = 180D238E1FADC9F9005E991F /* Project object */;
			proxyType = 1;
			remoteGlobalIDString = 180D23951FADC9F9005E991F;
			remoteInfo = YHProxyRouterDemo;
		};
/* End PBXContainerItemProxy section */

/* Begin PBXFileReference section */
		180D23961FADC9F9005E991F /* YHProxyRouterDemo.app */ = {isa = PBXFileReference; explicitFileType = wrapper.application; includeInIndex = 0; path = YHProxyRouterDemo.app; sourceTree = BUILT_PRODUCTS_DIR; };
		180D23991FADC9F9005E991F /* AppDelegate.h */ = {isa = PBXFileReference; lastKnownFileType = sourcecode.c.h; path = AppDelegate.h; sourceTree = "<group>"; };
		180D239A1FADC9F9005E991F /* AppDelegate.m */ = {isa = PBXFileReference; lastKnownFileType = sourcecode.c.objc; path = AppDelegate.m; sourceTree = "<group>"; };
		180D239C1FADC9F9005E991F /* ViewController.h */ = {isa = PBXFileReference; lastKnownFileType = sourcecode.c.h; path = ViewController.h; sourceTree = "<group>"; };
		180D239D1FADC9F9005E991F /* ViewController.m */ = {isa = PBXFileReference; lastKnownFileType = sourcecode.c.objc; path = ViewController.m; sourceTree = "<group>"; };
		180D23A01FADC9F9005E991F /* Base */ = {isa = PBXFileReference; lastKnownFileType = file.storyboard; name = Base; path = Base.lproj/Main.storyboard; sourceTree = "<group>"; };
		180D23A21FADC9F9005E991F /* Assets.xcassets */ = {isa = PBXFileReference; lastKnownFileType = folder.assetcatalog; path = Assets.xcassets; sourceTree = "<group>"; };
		180D23A51FADC9F9005E991F /* Base */ = {isa = PBXFileReference; lastKnownFileType = file.storyboard; name = Base; path = Base.lproj/LaunchScreen.storyboard; sourceTree = "<group>"; };
		180D23A71FADC9F9005E991F /* Info.plist */ = {isa = PBXFileReference; lastKnownFileType = text.plist.xml; path = Info.plist; sourceTree = "<group>"; };
		180D23A81FADC9F9005E991F /* main.m */ = {isa = PBXFileReference; lastKnownFileType = sourcecode.c.objc; path = main.m; sourceTree = "<group>"; };
		180D23AE1FADC9F9005E991F /* YHProxyRouterDemoTests.xctest */ = {isa = PBXFileReference; explicitFileType = wrapper.cfbundle; includeInIndex = 0; path = YHProxyRouterDemoTests.xctest; sourceTree = BUILT_PRODUCTS_DIR; };
		180D23B21FADC9F9005E991F /* YHProxyRouterDemoTests.m */ = {isa = PBXFileReference; lastKnownFileType = sourcecode.c.objc; path = YHProxyRouterDemoTests.m; sourceTree = "<group>"; };
		180D23B41FADC9F9005E991F /* Info.plist */ = {isa = PBXFileReference; lastKnownFileType = text.plist.xml; path = Info.plist; sourceTree = "<group>"; };
		180D23B91FADC9F9005E991F /* YHProxyRouterDemoUITests.xctest */ = {isa = PBXFileReference; explicitFileType = wrapper.cfbundle; includeInIndex = 0; path = YHProxyRouterDemoUITests.xctest; sourceTree = BUILT_PRODUCTS_DIR; };
		180D23BD1FADC9F9005E991F /* YHProxyRouterDemoUITests.m */ = {isa = PBXFileReference; lastKnownFileType = sourcecode.c.objc; path = YHProxyRouterDemoUITests.m; sourceTree = "<group>"; };
		180D23BF1FADC9F9005E991F /* Info.plist */ = {isa = PBXFileReference; lastKnownFileType = text.plist.xml; path = Info.plist; sourceTree = "<group>"; };
		180D23CC1FADCAB5005E991F /* NSObject+Router.h */ = {isa = PBXFileReference; fileEncoding = 4; lastKnownFileType = sourcecode.c.h; path = "NSObject+Router.h"; sourceTree = "<group>"; };
		180D23CD1FADCAB5005E991F /* NSObject+Router.m */ = {isa = PBXFileReference; fileEncoding = 4; lastKnownFileType = sourcecode.c.objc; path = "NSObject+Router.m"; sourceTree = "<group>"; };
		180D23CE1FADCAB5005E991F /* YHProxy.h */ = {isa = PBXFileReference; fileEncoding = 4; lastKnownFileType = sourcecode.c.h; path = YHProxy.h; sourceTree = "<group>"; };
		180D23CF1FADCAB5005E991F /* YHProxyRouter.h */ = {isa = PBXFileReference; fileEncoding = 4; lastKnownFileType = sourcecode.c.h; path = YHProxyRouter.h; sourceTree = "<group>"; };
		180D23D01FADCAB5005E991F /* YHProxyRouter.m */ = {isa = PBXFileReference; fileEncoding = 4; lastKnownFileType = sourcecode.c.objc; path = YHProxyRouter.m; sourceTree = "<group>"; };
		180D23D41FADCAF2005E991F /* YHModelOne.h */ = {isa = PBXFileReference; fileEncoding = 4; lastKnownFileType = sourcecode.c.h; path = YHModelOne.h; sourceTree = "<group>"; };
		180D23D51FADCAF2005E991F /* YHModelOne.m */ = {isa = PBXFileReference; fileEncoding = 4; lastKnownFileType = sourcecode.c.objc; path = YHModelOne.m; sourceTree = "<group>"; };
		180D23D61FADCAF2005E991F /* YHModelTwo.h */ = {isa = PBXFileReference; fileEncoding = 4; lastKnownFileType = sourcecode.c.h; path = YHModelTwo.h; sourceTree = "<group>"; };
		180D23D71FADCAF2005E991F /* YHModelTwo.m */ = {isa = PBXFileReference; fileEncoding = 4; lastKnownFileType = sourcecode.c.objc; path = YHModelTwo.m; sourceTree = "<group>"; };
		18A0F4681FB074FB0009C844 /* YHProxySingleton.h */ = {isa = PBXFileReference; lastKnownFileType = sourcecode.c.h; path = YHProxySingleton.h; sourceTree = "<group>"; };
		18A0F46A1FB13FBB0009C844 /* YHButton.h */ = {isa = PBXFileReference; fileEncoding = 4; lastKnownFileType = sourcecode.c.h; path = YHButton.h; sourceTree = "<group>"; };
		18A0F46B1FB13FBB0009C844 /* YHButton.m */ = {isa = PBXFileReference; fileEncoding = 4; lastKnownFileType = sourcecode.c.objc; path = YHButton.m; sourceTree = "<group>"; };
		18A0F46D1FB140FE0009C844 /* YHBaseViewController.h */ = {isa = PBXFileReference; lastKnownFileType = sourcecode.c.h; path = YHBaseViewController.h; sourceTree = "<group>"; };
		18A0F46E1FB140FE0009C844 /* YHBaseViewController.m */ = {isa = PBXFileReference; lastKnownFileType = sourcecode.c.objc; path = YHBaseViewController.m; sourceTree = "<group>"; };
		18CF5B901FBC481800A41750 /* main_proxy.bundle */ = {isa = PBXFileReference; lastKnownFileType = "wrapper.plug-in"; path = main_proxy.bundle; sourceTree = "<group>"; };
		18CF5B921FBD7FDD00A41750 /* YHTools.h */ = {isa = PBXFileReference; lastKnownFileType = sourcecode.c.h; path = YHTools.h; sourceTree = "<group>"; };
		18CF5B931FBD7FDD00A41750 /* YHTools.m */ = {isa = PBXFileReference; lastKnownFileType = sourcecode.c.objc; path = YHTools.m; sourceTree = "<group>"; };
/* End PBXFileReference section */

/* Begin PBXFrameworksBuildPhase section */
		180D23931FADC9F9005E991F /* Frameworks */ = {
			isa = PBXFrameworksBuildPhase;
			buildActionMask = 2147483647;
			files = (
			);
			runOnlyForDeploymentPostprocessing = 0;
		};
		180D23AB1FADC9F9005E991F /* Frameworks */ = {
			isa = PBXFrameworksBuildPhase;
			buildActionMask = 2147483647;
			files = (
			);
			runOnlyForDeploymentPostprocessing = 0;
		};
		180D23B61FADC9F9005E991F /* Frameworks */ = {
			isa = PBXFrameworksBuildPhase;
			buildActionMask = 2147483647;
			files = (
			);
			runOnlyForDeploymentPostprocessing = 0;
		};
/* End PBXFrameworksBuildPhase section */

/* Begin PBXGroup section */
		180D238D1FADC9F9005E991F = {
			isa = PBXGroup;
			children = (
				180D23CB1FADCAB5005E991F /* sources */,
				180D23981FADC9F9005E991F /* YHProxyRouterDemo */,
				180D23B11FADC9F9005E991F /* YHProxyRouterDemoTests */,
				180D23BC1FADC9F9005E991F /* YHProxyRouterDemoUITests */,
				180D23971FADC9F9005E991F /* Products */,
			);
			sourceTree = "<group>";
		};
		180D23971FADC9F9005E991F /* Products */ = {
			isa = PBXGroup;
			children = (
				180D23961FADC9F9005E991F /* YHProxyRouterDemo.app */,
				180D23AE1FADC9F9005E991F /* YHProxyRouterDemoTests.xctest */,
				180D23B91FADC9F9005E991F /* YHProxyRouterDemoUITests.xctest */,
			);
			name = Products;
			sourceTree = "<group>";
		};
		180D23981FADC9F9005E991F /* YHProxyRouterDemo */ = {
			isa = PBXGroup;
			children = (
				18CF5B8F1FBC47E700A41750 /* resource */,
				18A0F4691FB13FBB0009C844 /* button */,
				180D23D31FADCAF2005E991F /* models */,
				180D23991FADC9F9005E991F /* AppDelegate.h */,
				180D239A1FADC9F9005E991F /* AppDelegate.m */,
				18A0F46D1FB140FE0009C844 /* YHBaseViewController.h */,
				18A0F46E1FB140FE0009C844 /* YHBaseViewController.m */,
				180D239C1FADC9F9005E991F /* ViewController.h */,
				180D239D1FADC9F9005E991F /* ViewController.m */,
				180D239F1FADC9F9005E991F /* Main.storyboard */,
				180D23A21FADC9F9005E991F /* Assets.xcassets */,
				180D23A41FADC9F9005E991F /* LaunchScreen.storyboard */,
				180D23A71FADC9F9005E991F /* Info.plist */,
				180D23A81FADC9F9005E991F /* main.m */,
			);
			path = YHProxyRouterDemo;
			sourceTree = "<group>";
		};
		180D23B11FADC9F9005E991F /* YHProxyRouterDemoTests */ = {
			isa = PBXGroup;
			children = (
				180D23B21FADC9F9005E991F /* YHProxyRouterDemoTests.m */,
				180D23B41FADC9F9005E991F /* Info.plist */,
			);
			path = YHProxyRouterDemoTests;
			sourceTree = "<group>";
		};
		180D23BC1FADC9F9005E991F /* YHProxyRouterDemoUITests */ = {
			isa = PBXGroup;
			children = (
				180D23BD1FADC9F9005E991F /* YHProxyRouterDemoUITests.m */,
				180D23BF1FADC9F9005E991F /* Info.plist */,
			);
			path = YHProxyRouterDemoUITests;
			sourceTree = "<group>";
		};
		180D23CB1FADCAB5005E991F /* sources */ = {
			isa = PBXGroup;
			children = (
				180D23CE1FADCAB5005E991F /* YHProxy.h */,
				180D23CC1FADCAB5005E991F /* NSObject+Router.h */,
				180D23CD1FADCAB5005E991F /* NSObject+Router.m */,
				180D23CF1FADCAB5005E991F /* YHProxyRouter.h */,
				180D23D01FADCAB5005E991F /* YHProxyRouter.m */,
				18A0F4681FB074FB0009C844 /* YHProxySingleton.h */,
			);
			path = sources;
			sourceTree = "<group>";
		};
		180D23D31FADCAF2005E991F /* models */ = {
			isa = PBXGroup;
			children = (
				180D23D41FADCAF2005E991F /* YHModelOne.h */,
				180D23D51FADCAF2005E991F /* YHModelOne.m */,
				180D23D61FADCAF2005E991F /* YHModelTwo.h */,
				180D23D71FADCAF2005E991F /* YHModelTwo.m */,
				18CF5B921FBD7FDD00A41750 /* YHTools.h */,
				18CF5B931FBD7FDD00A41750 /* YHTools.m */,
			);
			path = models;
			sourceTree = "<group>";
		};
		18A0F4691FB13FBB0009C844 /* button */ = {
			isa = PBXGroup;
			children = (
				18A0F46A1FB13FBB0009C844 /* YHButton.h */,
				18A0F46B1FB13FBB0009C844 /* YHButton.m */,
			);
			path = button;
			sourceTree = "<group>";
		};
		18CF5B8F1FBC47E700A41750 /* resource */ = {
			isa = PBXGroup;
			children = (
				18CF5B901FBC481800A41750 /* main_proxy.bundle */,
			);
			path = resource;
			sourceTree = "<group>";
		};
/* End PBXGroup section */

/* Begin PBXNativeTarget section */
		180D23951FADC9F9005E991F /* YHProxyRouterDemo */ = {
			isa = PBXNativeTarget;
			buildConfigurationList = 180D23C21FADC9F9005E991F /* Build configuration list for PBXNativeTarget "YHProxyRouterDemo" */;
			buildPhases = (
				180D23921FADC9F9005E991F /* Sources */,
				180D23931FADC9F9005E991F /* Frameworks */,
				180D23941FADC9F9005E991F /* Resources */,
			);
			buildRules = (
			);
			dependencies = (
			);
			name = YHProxyRouterDemo;
			productName = YHProxyRouterDemo;
			productReference = 180D23961FADC9F9005E991F /* YHProxyRouterDemo.app */;
			productType = "com.apple.product-type.application";
		};
		180D23AD1FADC9F9005E991F /* YHProxyRouterDemoTests */ = {
			isa = PBXNativeTarget;
			buildConfigurationList = 180D23C51FADC9F9005E991F /* Build configuration list for PBXNativeTarget "YHProxyRouterDemoTests" */;
			buildPhases = (
				180D23AA1FADC9F9005E991F /* Sources */,
				180D23AB1FADC9F9005E991F /* Frameworks */,
				180D23AC1FADC9F9005E991F /* Resources */,
			);
			buildRules = (
			);
			dependencies = (
				180D23B01FADC9F9005E991F /* PBXTargetDependency */,
			);
			name = YHProxyRouterDemoTests;
			productName = YHProxyRouterDemoTests;
			productReference = 180D23AE1FADC9F9005E991F /* YHProxyRouterDemoTests.xctest */;
			productType = "com.apple.product-type.bundle.unit-test";
		};
		180D23B81FADC9F9005E991F /* YHProxyRouterDemoUITests */ = {
			isa = PBXNativeTarget;
			buildConfigurationList = 180D23C81FADC9F9005E991F /* Build configuration list for PBXNativeTarget "YHProxyRouterDemoUITests" */;
			buildPhases = (
				180D23B51FADC9F9005E991F /* Sources */,
				180D23B61FADC9F9005E991F /* Frameworks */,
				180D23B71FADC9F9005E991F /* Resources */,
			);
			buildRules = (
			);
			dependencies = (
				180D23BB1FADC9F9005E991F /* PBXTargetDependency */,
			);
			name = YHProxyRouterDemoUITests;
			productName = YHProxyRouterDemoUITests;
			productReference = 180D23B91FADC9F9005E991F /* YHProxyRouterDemoUITests.xctest */;
			productType = "com.apple.product-type.bundle.ui-testing";
		};
/* End PBXNativeTarget section */

/* Begin PBXProject section */
		180D238E1FADC9F9005E991F /* Project object */ = {
			isa = PBXProject;
			attributes = {
				LastUpgradeCheck = 0900;
				ORGANIZATIONNAME = "玉河川";
				TargetAttributes = {
					180D23951FADC9F9005E991F = {
						CreatedOnToolsVersion = 9.0;
						ProvisioningStyle = Automatic;
					};
					180D23AD1FADC9F9005E991F = {
						CreatedOnToolsVersion = 9.0;
						ProvisioningStyle = Automatic;
						TestTargetID = 180D23951FADC9F9005E991F;
					};
					180D23B81FADC9F9005E991F = {
						CreatedOnToolsVersion = 9.0;
						ProvisioningStyle = Automatic;
						TestTargetID = 180D23951FADC9F9005E991F;
					};
				};
			};
			buildConfigurationList = 180D23911FADC9F9005E991F /* Build configuration list for PBXProject "YHProxyRouterDemo" */;
			compatibilityVersion = "Xcode 8.0";
			developmentRegion = en;
			hasScannedForEncodings = 0;
			knownRegions = (
				en,
				Base,
			);
			mainGroup = 180D238D1FADC9F9005E991F;
			productRefGroup = 180D23971FADC9F9005E991F /* Products */;
			projectDirPath = "";
			projectRoot = "";
			targets = (
				180D23951FADC9F9005E991F /* YHProxyRouterDemo */,
				180D23AD1FADC9F9005E991F /* YHProxyRouterDemoTests */,
				180D23B81FADC9F9005E991F /* YHProxyRouterDemoUITests */,
			);
		};
/* End PBXProject section */

/* Begin PBXResourcesBuildPhase section */
		180D23941FADC9F9005E991F /* Resources */ = {
			isa = PBXResourcesBuildPhase;
			buildActionMask = 2147483647;
			files = (
				180D23A61FADC9F9005E991F /* LaunchScreen.storyboard in Resources */,
				180D23A31FADC9F9005E991F /* Assets.xcassets in Resources */,
				180D23A11FADC9F9005E991F /* Main.storyboard in Resources */,
				18CF5B911FBC481800A41750 /* main_proxy.bundle in Resources */,
			);
			runOnlyForDeploymentPostprocessing = 0;
		};
		180D23AC1FADC9F9005E991F /* Resources */ = {
			isa = PBXResourcesBuildPhase;
			buildActionMask = 2147483647;
			files = (
			);
			runOnlyForDeploymentPostprocessing = 0;
		};
		180D23B71FADC9F9005E991F /* Resources */ = {
			isa = PBXResourcesBuildPhase;
			buildActionMask = 2147483647;
			files = (
			);
			runOnlyForDeploymentPostprocessing = 0;
		};
/* End PBXResourcesBuildPhase section */

/* Begin PBXSourcesBuildPhase section */
		180D23921FADC9F9005E991F /* Sources */ = {
			isa = PBXSourcesBuildPhase;
			buildActionMask = 2147483647;
			files = (
				180D23D11FADCAB5005E991F /* NSObject+Router.m in Sources */,
				180D23D21FADCAB5005E991F /* YHProxyRouter.m in Sources */,
				180D239E1FADC9F9005E991F /* ViewController.m in Sources */,
				18A0F46C1FB13FBB0009C844 /* YHButton.m in Sources */,
				18CF5B941FBD7FDD00A41750 /* YHTools.m in Sources */,
				180D23D81FADCAF2005E991F /* YHModelOne.m in Sources */,
				180D23A91FADC9F9005E991F /* main.m in Sources */,
				180D23D91FADCAF2005E991F /* YHModelTwo.m in Sources */,
				18A0F46F1FB140FE0009C844 /* YHBaseViewController.m in Sources */,
				180D239B1FADC9F9005E991F /* AppDelegate.m in Sources */,
			);
			runOnlyForDeploymentPostprocessing = 0;
		};
		180D23AA1FADC9F9005E991F /* Sources */ = {
			isa = PBXSourcesBuildPhase;
			buildActionMask = 2147483647;
			files = (
				180D23B31FADC9F9005E991F /* YHProxyRouterDemoTests.m in Sources */,
			);
			runOnlyForDeploymentPostprocessing = 0;
		};
		180D23B51FADC9F9005E991F /* Sources */ = {
			isa = PBXSourcesBuildPhase;
			buildActionMask = 2147483647;
			files = (
				180D23BE1FADC9F9005E991F /* YHProxyRouterDemoUITests.m in Sources */,
			);
			runOnlyForDeploymentPostprocessing = 0;
		};
/* End PBXSourcesBuildPhase section */

/* Begin PBXTargetDependency section */
		180D23B01FADC9F9005E991F /* PBXTargetDependency */ = {
			isa = PBXTargetDependency;
			target = 180D23951FADC9F9005E991F /* YHProxyRouterDemo */;
			targetProxy = 180D23AF1FADC9F9005E991F /* PBXContainerItemProxy */;
		};
		180D23BB1FADC9F9005E991F /* PBXTargetDependency */ = {
			isa = PBXTargetDependency;
			target = 180D23951FADC9F9005E991F /* YHProxyRouterDemo */;
			targetProxy = 180D23BA1FADC9F9005E991F /* PBXContainerItemProxy */;
		};
/* End PBXTargetDependency section */

/* Begin PBXVariantGroup section */
		180D239F1FADC9F9005E991F /* Main.storyboard */ = {
			isa = PBXVariantGroup;
			children = (
				180D23A01FADC9F9005E991F /* Base */,
			);
			name = Main.storyboard;
			sourceTree = "<group>";
		};
		180D23A41FADC9F9005E991F /* LaunchScreen.storyboard */ = {
			isa = PBXVariantGroup;
			children = (
				180D23A51FADC9F9005E991F /* Base */,
			);
			name = LaunchScreen.storyboard;
			sourceTree = "<group>";
		};
/* End PBXVariantGroup section */

/* Begin XCBuildConfiguration section */
		180D23C01FADC9F9005E991F /* Debug */ = {
			isa = XCBuildConfiguration;
			buildSettings = {
				ALWAYS_SEARCH_USER_PATHS = NO;
				CLANG_ANALYZER_NONNULL = YES;
				CLANG_ANALYZER_NUMBER_OBJECT_CONVERSION = YES_AGGRESSIVE;
				CLANG_CXX_LANGUAGE_STANDARD = "gnu++14";
				CLANG_CXX_LIBRARY = "libc++";
				CLANG_ENABLE_MODULES = YES;
				CLANG_ENABLE_OBJC_ARC = YES;
				CLANG_WARN_BLOCK_CAPTURE_AUTORELEASING = YES;
				CLANG_WARN_BOOL_CONVERSION = YES;
				CLANG_WARN_COMMA = YES;
				CLANG_WARN_CONSTANT_CONVERSION = YES;
				CLANG_WARN_DIRECT_OBJC_ISA_USAGE = YES_ERROR;
				CLANG_WARN_DOCUMENTATION_COMMENTS = YES;
				CLANG_WARN_EMPTY_BODY = YES;
				CLANG_WARN_ENUM_CONVERSION = YES;
				CLANG_WARN_INFINITE_RECURSION = YES;
				CLANG_WARN_INT_CONVERSION = YES;
				CLANG_WARN_NON_LITERAL_NULL_CONVERSION = YES;
				CLANG_WARN_OBJC_LITERAL_CONVERSION = YES;
				CLANG_WARN_OBJC_ROOT_CLASS = YES_ERROR;
				CLANG_WARN_RANGE_LOOP_ANALYSIS = YES;
				CLANG_WARN_STRICT_PROTOTYPES = YES;
				CLANG_WARN_SUSPICIOUS_MOVE = YES;
				CLANG_WARN_UNGUARDED_AVAILABILITY = YES_AGGRESSIVE;
				CLANG_WARN_UNREACHABLE_CODE = YES;
				CLANG_WARN__DUPLICATE_METHOD_MATCH = YES;
				CODE_SIGN_IDENTITY = "iPhone Developer";
				COPY_PHASE_STRIP = NO;
				DEBUG_INFORMATION_FORMAT = dwarf;
				ENABLE_STRICT_OBJC_MSGSEND = YES;
				ENABLE_TESTABILITY = YES;
				GCC_C_LANGUAGE_STANDARD = gnu11;
				GCC_DYNAMIC_NO_PIC = NO;
				GCC_NO_COMMON_BLOCKS = YES;
				GCC_OPTIMIZATION_LEVEL = 0;
				GCC_PREPROCESSOR_DEFINITIONS = (
					"DEBUG=1",
					"$(inherited)",
				);
				GCC_WARN_64_TO_32_BIT_CONVERSION = YES;
				GCC_WARN_ABOUT_RETURN_TYPE = YES_ERROR;
				GCC_WARN_UNDECLARED_SELECTOR = YES;
				GCC_WARN_UNINITIALIZED_AUTOS = YES_AGGRESSIVE;
				GCC_WARN_UNUSED_FUNCTION = YES;
				GCC_WARN_UNUSED_VARIABLE = YES;
				IPHONEOS_DEPLOYMENT_TARGET = 11.0;
				MTL_ENABLE_DEBUG_INFO = YES;
				ONLY_ACTIVE_ARCH = YES;
				SDKROOT = iphoneos;
			};
			name = Debug;
		};
		180D23C11FADC9F9005E991F /* Release */ = {
			isa = XCBuildConfiguration;
			buildSettings = {
				ALWAYS_SEARCH_USER_PATHS = NO;
				CLANG_ANALYZER_NONNULL = YES;
				CLANG_ANALYZER_NUMBER_OBJECT_CONVERSION = YES_AGGRESSIVE;
				CLANG_CXX_LANGUAGE_STANDARD = "gnu++14";
				CLANG_CXX_LIBRARY = "libc++";
				CLANG_ENABLE_MODULES = YES;
				CLANG_ENABLE_OBJC_ARC = YES;
				CLANG_WARN_BLOCK_CAPTURE_AUTORELEASING = YES;
				CLANG_WARN_BOOL_CONVERSION = YES;
				CLANG_WARN_COMMA = YES;
				CLANG_WARN_CONSTANT_CONVERSION = YES;
				CLANG_WARN_DIRECT_OBJC_ISA_USAGE = YES_ERROR;
				CLANG_WARN_DOCUMENTATION_COMMENTS = YES;
				CLANG_WARN_EMPTY_BODY = YES;
				CLANG_WARN_ENUM_CONVERSION = YES;
				CLANG_WARN_INFINITE_RECURSION = YES;
				CLANG_WARN_INT_CONVERSION = YES;
				CLANG_WARN_NON_LITERAL_NULL_CONVERSION = YES;
				CLANG_WARN_OBJC_LITERAL_CONVERSION = YES;
				CLANG_WARN_OBJC_ROOT_CLASS = YES_ERROR;
				CLANG_WARN_RANGE_LOOP_ANALYSIS = YES;
				CLANG_WARN_STRICT_PROTOTYPES = YES;
				CLANG_WARN_SUSPICIOUS_MOVE = YES;
				CLANG_WARN_UNGUARDED_AVAILABILITY = YES_AGGRESSIVE;
				CLANG_WARN_UNREACHABLE_CODE = YES;
				CLANG_WARN__DUPLICATE_METHOD_MATCH = YES;
				CODE_SIGN_IDENTITY = "iPhone Developer";
				COPY_PHASE_STRIP = NO;
				DEBUG_INFORMATION_FORMAT = "dwarf-with-dsym";
				ENABLE_NS_ASSERTIONS = NO;
				ENABLE_STRICT_OBJC_MSGSEND = YES;
				GCC_C_LANGUAGE_STANDARD = gnu11;
				GCC_NO_COMMON_BLOCKS = YES;
				GCC_WARN_64_TO_32_BIT_CONVERSION = YES;
				GCC_WARN_ABOUT_RETURN_TYPE = YES_ERROR;
				GCC_WARN_UNDECLARED_SELECTOR = YES;
				GCC_WARN_UNINITIALIZED_AUTOS = YES_AGGRESSIVE;
				GCC_WARN_UNUSED_FUNCTION = YES;
				GCC_WARN_UNUSED_VARIABLE = YES;
				IPHONEOS_DEPLOYMENT_TARGET = 11.0;
				MTL_ENABLE_DEBUG_INFO = NO;
				SDKROOT = iphoneos;
				VALIDATE_PRODUCT = YES;
			};
			name = Release;
		};
		180D23C31FADC9F9005E991F /* Debug */ = {
			isa = XCBuildConfiguration;
			buildSettings = {
				ASSETCATALOG_COMPILER_APPICON_NAME = AppIcon;
				CODE_SIGN_STYLE = Automatic;
				DEVELOPMENT_TEAM = JX84U25WS9;
				INFOPLIST_FILE = YHProxyRouterDemo/Info.plist;
				IPHONEOS_DEPLOYMENT_TARGET = 11.0;
				LD_RUNPATH_SEARCH_PATHS = "$(inherited) @executable_path/Frameworks";
				PRODUCT_BUNDLE_IDENTIFIER = "---.YHProxyRouterDemo";
				PRODUCT_NAME = "$(TARGET_NAME)";
				TARGETED_DEVICE_FAMILY = "1,2";
			};
			name = Debug;
		};
		180D23C41FADC9F9005E991F /* Release */ = {
			isa = XCBuildConfiguration;
			buildSettings = {
				ASSETCATALOG_COMPILER_APPICON_NAME = AppIcon;
				CODE_SIGN_STYLE = Automatic;
				DEVELOPMENT_TEAM = JX84U25WS9;
				INFOPLIST_FILE = YHProxyRouterDemo/Info.plist;
				IPHONEOS_DEPLOYMENT_TARGET = 11.0;
				LD_RUNPATH_SEARCH_PATHS = "$(inherited) @executable_path/Frameworks";
				PRODUCT_BUNDLE_IDENTIFIER = "---.YHProxyRouterDemo";
				PRODUCT_NAME = "$(TARGET_NAME)";
				TARGETED_DEVICE_FAMILY = "1,2";
			};
			name = Release;
		};
		180D23C61FADC9F9005E991F /* Debug */ = {
			isa = XCBuildConfiguration;
			buildSettings = {
				BUNDLE_LOADER = "$(TEST_HOST)";
				CODE_SIGN_STYLE = Automatic;
				DEVELOPMENT_TEAM = JX84U25WS9;
				INFOPLIST_FILE = YHProxyRouterDemoTests/Info.plist;
				LD_RUNPATH_SEARCH_PATHS = "$(inherited) @executable_path/Frameworks @loader_path/Frameworks";
				PRODUCT_BUNDLE_IDENTIFIER = "---.YHProxyRouterDemoTests";
				PRODUCT_NAME = "$(TARGET_NAME)";
				TARGETED_DEVICE_FAMILY = "1,2";
				TEST_HOST = "$(BUILT_PRODUCTS_DIR)/YHProxyRouterDemo.app/YHProxyRouterDemo";
			};
			name = Debug;
		};
		180D23C71FADC9F9005E991F /* Release */ = {
			isa = XCBuildConfiguration;
			buildSettings = {
				BUNDLE_LOADER = "$(TEST_HOST)";
				CODE_SIGN_STYLE = Automatic;
				DEVELOPMENT_TEAM = JX84U25WS9;
				INFOPLIST_FILE = YHProxyRouterDemoTests/Info.plist;
				LD_RUNPATH_SEARCH_PATHS = "$(inherited) @executable_path/Frameworks @loader_path/Frameworks";
				PRODUCT_BUNDLE_IDENTIFIER = "---.YHProxyRouterDemoTests";
				PRODUCT_NAME = "$(TARGET_NAME)";
				TARGETED_DEVICE_FAMILY = "1,2";
				TEST_HOST = "$(BUILT_PRODUCTS_DIR)/YHProxyRouterDemo.app/YHProxyRouterDemo";
			};
			name = Release;
		};
		180D23C91FADC9F9005E991F /* Debug */ = {
			isa = XCBuildConfiguration;
			buildSettings = {
				CODE_SIGN_STYLE = Automatic;
				DEVELOPMENT_TEAM = JX84U25WS9;
				INFOPLIST_FILE = YHProxyRouterDemoUITests/Info.plist;
				LD_RUNPATH_SEARCH_PATHS = "$(inherited) @executable_path/Frameworks @loader_path/Frameworks";
				PRODUCT_BUNDLE_IDENTIFIER = "---.YHProxyRouterDemoUITests";
				PRODUCT_NAME = "$(TARGET_NAME)";
				TARGETED_DEVICE_FAMILY = "1,2";
				TEST_TARGET_NAME = YHProxyRouterDemo;
			};
			name = Debug;
		};
		180D23CA1FADC9F9005E991F /* Release */ = {
			isa = XCBuildConfiguration;
			buildSettings = {
				CODE_SIGN_STYLE = Automatic;
				DEVELOPMENT_TEAM = JX84U25WS9;
				INFOPLIST_FILE = YHProxyRouterDemoUITests/Info.plist;
				LD_RUNPATH_SEARCH_PATHS = "$(inherited) @executable_path/Frameworks @loader_path/Frameworks";
				PRODUCT_BUNDLE_IDENTIFIER = "---.YHProxyRouterDemoUITests";
				PRODUCT_NAME = "$(TARGET_NAME)";
				TARGETED_DEVICE_FAMILY = "1,2";
				TEST_TARGET_NAME = YHProxyRouterDemo;
			};
			name = Release;
		};
/* End XCBuildConfiguration section */

/* Begin XCConfigurationList section */
		180D23911FADC9F9005E991F /* Build configuration list for PBXProject "YHProxyRouterDemo" */ = {
			isa = XCConfigurationList;
			buildConfigurations = (
				180D23C01FADC9F9005E991F /* Debug */,
				180D23C11FADC9F9005E991F /* Release */,
			);
			defaultConfigurationIsVisible = 0;
			defaultConfigurationName = Release;
		};
		180D23C21FADC9F9005E991F /* Build configuration list for PBXNativeTarget "YHProxyRouterDemo" */ = {
			isa = XCConfigurationList;
			buildConfigurations = (
				180D23C31FADC9F9005E991F /* Debug */,
				180D23C41FADC9F9005E991F /* Release */,
			);
			defaultConfigurationIsVisible = 0;
			defaultConfigurationName = Release;
		};
		180D23C51FADC9F9005E991F /* Build configuration list for PBXNativeTarget "YHProxyRouterDemoTests" */ = {
			isa = XCConfigurationList;
			buildConfigurations = (
				180D23C61FADC9F9005E991F /* Debug */,
				180D23C71FADC9F9005E991F /* Release */,
			);
			defaultConfigurationIsVisible = 0;
			defaultConfigurationName = Release;
		};
		180D23C81FADC9F9005E991F /* Build configuration list for PBXNativeTarget "YHProxyRouterDemoUITests" */ = {
			isa = XCConfigurationList;
			buildConfigurations = (
				180D23C91FADC9F9005E991F /* Debug */,
				180D23CA1FADC9F9005E991F /* Release */,
			);
			defaultConfigurationIsVisible = 0;
			defaultConfigurationName = Release;
		};
/* End XCConfigurationList section */
	};
	rootObject = 180D238E1FADC9F9005E991F /* Project object */;
}
